// !$*UTF8*$!
{
	archiveVersion = 1;
	classes = {
	};
	objectVersion = 46;
	objects = {

/* Begin PBXBuildFile section */
		5CDEDC581BB8E24A009883F2 /* main.m in Sources */ = {isa = PBXBuildFile; fileRef = 5CDEDC571BB8E24A009883F2 /* main.m */; };
		5CDEDC5B1BB8E24A009883F2 /* AppDelegate.m in Sources */ = {isa = PBXBuildFile; fileRef = 5CDEDC5A1BB8E24A009883F2 /* AppDelegate.m */; };
		5CDEDC5E1BB8E24A009883F2 /* ViewController.m in Sources */ = {isa = PBXBuildFile; fileRef = 5CDEDC5D1BB8E24A009883F2 /* ViewController.m */; };
		5CDEDC611BB8E24A009883F2 /* Main.storyboard in Resources */ = {isa = PBXBuildFile; fileRef = 5CDEDC5F1BB8E24A009883F2 /* Main.storyboard */; };
		5CDEDC631BB8E24A009883F2 /* Assets.xcassets in Resources */ = {isa = PBXBuildFile; fileRef = 5CDEDC621BB8E24A009883F2 /* Assets.xcassets */; };
		5CDEDC661BB8E24A009883F2 /* LaunchScreen.storyboard in Resources */ = {isa = PBXBuildFile; fileRef = 5CDEDC641BB8E24A009883F2 /* LaunchScreen.storyboard */; };
		5CDEDC711BB8E24A009883F2 /* ios9SpotlightDemoTests.m in Sources */ = {isa = PBXBuildFile; fileRef = 5CDEDC701BB8E24A009883F2 /* ios9SpotlightDemoTests.m */; };
		5CDEDC7C1BB8E24A009883F2 /* ios9SpotlightDemoUITests.m in Sources */ = {isa = PBXBuildFile; fileRef = 5CDEDC7B1BB8E24A009883F2 /* ios9SpotlightDemoUITests.m */; };
		5CDEDC8B1BB8E402009883F2 /* FirstViewController.m in Sources */ = {isa = PBXBuildFile; fileRef = 5CDEDC8A1BB8E402009883F2 /* FirstViewController.m */; settings = {ASSET_TAGS = (); }; };
		5CDEDC8E1BB8E40D009883F2 /* SecondViewController.m in Sources */ = {isa = PBXBuildFile; fileRef = 5CDEDC8D1BB8E40D009883F2 /* SecondViewController.m */; settings = {ASSET_TAGS = (); }; };
/* End PBXBuildFile section */

/* Begin PBXContainerItemProxy section */
		5CDEDC6D1BB8E24A009883F2 /* PBXContainerItemProxy */ = {
			isa = PBXContainerItemProxy;
			containerPortal = 5CDEDC4B1BB8E24A009883F2 /* Project object */;
			proxyType = 1;
			remoteGlobalIDString = 5CDEDC521BB8E24A009883F2;
			remoteInfo = ios9SpotlightDemo;
		};
		5CDEDC781BB8E24A009883F2 /* PBXContainerItemProxy */ = {
			isa = PBXContainerItemProxy;
			containerPortal = 5CDEDC4B1BB8E24A009883F2 /* Project object */;
			proxyType = 1;
			remoteGlobalIDString = 5CDEDC521BB8E24A009883F2;
			remoteInfo = ios9SpotlightDemo;
		};
/* End PBXContainerItemProxy section */

/* Begin PBXFileReference section */
		5CDEDC531BB8E24A009883F2 /* ios9SpotlightDemo.app */ = {isa = PBXFileReference; explicitFileType = wrapper.application; includeInIndex = 0; path = ios9SpotlightDemo.app; sourceTree = BUILT_PRODUCTS_DIR; };
		5CDEDC571BB8E24A009883F2 /* main.m */ = {isa = PBXFileReference; lastKnownFileType = sourcecode.c.objc; path = main.m; sourceTree = "<group>"; };
		5CDEDC591BB8E24A009883F2 /* AppDelegate.h */ = {isa = PBXFileReference; lastKnownFileType = sourcecode.c.h; path = AppDelegate.h; sourceTree = "<group>"; };
		5CDEDC5A1BB8E24A009883F2 /* AppDelegate.m */ = {isa = PBXFileReference; lastKnownFileType = sourcecode.c.objc; path = AppDelegate.m; sourceTree = "<group>"; };
		5CDEDC5C1BB8E24A009883F2 /* ViewController.h */ = {isa = PBXFileReference; lastKnownFileType = sourcecode.c.h; path = ViewController.h; sourceTree = "<group>"; };
		5CDEDC5D1BB8E24A009883F2 /* ViewController.m */ = {isa = PBXFileReference; lastKnownFileType = sourcecode.c.objc; path = ViewController.m; sourceTree = "<group>"; };
		5CDEDC601BB8E24A009883F2 /* Base */ = {isa = PBXFileReference; lastKnownFileType = file.storyboard; name = Base; path = Base.lproj/Main.storyboard; sourceTree = "<group>"; };
		5CDEDC621BB8E24A009883F2 /* Assets.xcassets */ = {isa = PBXFileReference; lastKnownFileType = folder.assetcatalog; path = Assets.xcassets; sourceTree = "<group>"; };
		5CDEDC651BB8E24A009883F2 /* Base */ = {isa = PBXFileReference; lastKnownFileType = file.storyboard; name = Base; path = Base.lproj/LaunchScreen.storyboard; sourceTree = "<group>"; };
		5CDEDC671BB8E24A009883F2 /* Info.plist */ = {isa = PBXFileReference; lastKnownFileType = text.plist.xml; path = Info.plist; sourceTree = "<group>"; };
		5CDEDC6C1BB8E24A009883F2 /* ios9SpotlightDemoTests.xctest */ = {isa = PBXFileReference; explicitFileType = wrapper.cfbundle; includeInIndex = 0; path = ios9SpotlightDemoTests.xctest; sourceTree = BUILT_PRODUCTS_DIR; };
		5CDEDC701BB8E24A009883F2 /* ios9SpotlightDemoTests.m */ = {isa = PBXFileReference; lastKnownFileType = sourcecode.c.objc; path = ios9SpotlightDemoTests.m; sourceTree = "<group>"; };
		5CDEDC721BB8E24A009883F2 /* Info.plist */ = {isa = PBXFileReference; lastKnownFileType = text.plist.xml; path = Info.plist; sourceTree = "<group>"; };
		5CDEDC771BB8E24A009883F2 /* ios9SpotlightDemoUITests.xctest */ = {isa = PBXFileReference; explicitFileType = wrapper.cfbundle; includeInIndex = 0; path = ios9SpotlightDemoUITests.xctest; sourceTree = BUILT_PRODUCTS_DIR; };
		5CDEDC7B1BB8E24A009883F2 /* ios9SpotlightDemoUITests.m */ = {isa = PBXFileReference; lastKnownFileType = sourcecode.c.objc; path = ios9SpotlightDemoUITests.m; sourceTree = "<group>"; };
		5CDEDC7D1BB8E24A009883F2 /* Info.plist */ = {isa = PBXFileReference; lastKnownFileType = text.plist.xml; path = Info.plist; sourceTree = "<group>"; };
		5CDEDC891BB8E402009883F2 /* FirstViewController.h */ = {isa = PBXFileReference; fileEncoding = 4; lastKnownFileType = sourcecode.c.h; path = FirstViewController.h; sourceTree = "<group>"; };
		5CDEDC8A1BB8E402009883F2 /* FirstViewController.m */ = {isa = PBXFileReference; fileEncoding = 4; lastKnownFileType = sourcecode.c.objc; path = FirstViewController.m; sourceTree = "<group>"; };
		5CDEDC8C1BB8E40D009883F2 /* SecondViewController.h */ = {isa = PBXFileReference; fileEncoding = 4; lastKnownFileType = sourcecode.c.h; path = SecondViewController.h; sourceTree = "<group>"; };
		5CDEDC8D1BB8E40D009883F2 /* SecondViewController.m */ = {isa = PBXFileReference; fileEncoding = 4; lastKnownFileType = sourcecode.c.objc; path = SecondViewController.m; sourceTree = "<group>"; };
/* End PBXFileReference section */

/* Begin PBXFrameworksBuildPhase section */
		5CDEDC501BB8E24A009883F2 /* Frameworks */ = {
			isa = PBXFrameworksBuildPhase;
			buildActionMask = 2147483647;
			files = (
			);
			runOnlyForDeploymentPostprocessing = 0;
		};
		5CDEDC691BB8E24A009883F2 /* Frameworks */ = {
			isa = PBXFrameworksBuildPhase;
			buildActionMask = 2147483647;
			files = (
			);
			runOnlyForDeploymentPostprocessing = 0;
		};
		5CDEDC741BB8E24A009883F2 /* Frameworks */ = {
			isa = PBXFrameworksBuildPhase;
			buildActionMask = 2147483647;
			files = (
			);
			runOnlyForDeploymentPostprocessing = 0;
		};
/* End PBXFrameworksBuildPhase section */

/* Begin PBXGroup section */
		5CDEDC4A1BB8E24A009883F2 = {
			isa = PBXGroup;
			children = (
				5CDEDC551BB8E24A009883F2 /* ios9SpotlightDemo */,
				5CDEDC6F1BB8E24A009883F2 /* ios9SpotlightDemoTests */,
				5CDEDC7A1BB8E24A009883F2 /* ios9SpotlightDemoUITests */,
				5CDEDC541BB8E24A009883F2 /* Products */,
			);
			sourceTree = "<group>";
		};
		5CDEDC541BB8E24A009883F2 /* Products */ = {
			isa = PBXGroup;
			children = (
				5CDEDC531BB8E24A009883F2 /* ios9SpotlightDemo.app */,
				5CDEDC6C1BB8E24A009883F2 /* ios9SpotlightDemoTests.xctest */,
				5CDEDC771BB8E24A009883F2 /* ios9SpotlightDemoUITests.xctest */,
			);
			name = Products;
			sourceTree = "<group>";
		};
		5CDEDC551BB8E24A009883F2 /* ios9SpotlightDemo */ = {
			isa = PBXGroup;
			children = (
				5CDEDC591BB8E24A009883F2 /* AppDelegate.h */,
				5CDEDC5A1BB8E24A009883F2 /* AppDelegate.m */,
				5CDEDC5C1BB8E24A009883F2 /* ViewController.h */,
				5CDEDC5D1BB8E24A009883F2 /* ViewController.m */,
				5CDEDC5F1BB8E24A009883F2 /* Main.storyboard */,
				5CDEDC621BB8E24A009883F2 /* Assets.xcassets */,
				5CDEDC641BB8E24A009883F2 /* LaunchScreen.storyboard */,
				5CDEDC671BB8E24A009883F2 /* Info.plist */,
				5CDEDC561BB8E24A009883F2 /* Supporting Files */,
				5CDEDC891BB8E402009883F2 /* FirstViewController.h */,
				5CDEDC8A1BB8E402009883F2 /* FirstViewController.m */,
				5CDEDC8C1BB8E40D009883F2 /* SecondViewController.h */,
				5CDEDC8D1BB8E40D009883F2 /* SecondViewController.m */,
			);
			path = ios9SpotlightDemo;
			sourceTree = "<group>";
		};
		5CDEDC561BB8E24A009883F2 /* Supporting Files */ = {
			isa = PBXGroup;
			children = (
				5CDEDC571BB8E24A009883F2 /* main.m */,
			);
			name = "Supporting Files";
			sourceTree = "<group>";
		};
		5CDEDC6F1BB8E24A009883F2 /* ios9SpotlightDemoTests */ = {
			isa = PBXGroup;
			children = (
				5CDEDC701BB8E24A009883F2 /* ios9SpotlightDemoTests.m */,
				5CDEDC721BB8E24A009883F2 /* Info.plist */,
			);
			path = ios9SpotlightDemoTests;
			sourceTree = "<group>";
		};
		5CDEDC7A1BB8E24A009883F2 /* ios9SpotlightDemoUITests */ = {
			isa = PBXGroup;
			children = (
				5CDEDC7B1BB8E24A009883F2 /* ios9SpotlightDemoUITests.m */,
				5CDEDC7D1BB8E24A009883F2 /* Info.plist */,
			);
			path = ios9SpotlightDemoUITests;
			sourceTree = "<group>";
		};
/* End PBXGroup section */

/* Begin PBXNativeTarget section */
		5CDEDC521BB8E24A009883F2 /* ios9SpotlightDemo */ = {
			isa = PBXNativeTarget;
			buildConfigurationList = 5CDEDC801BB8E24A009883F2 /* Build configuration list for PBXNativeTarget "ios9SpotlightDemo" */;
			buildPhases = (
				5CDEDC4F1BB8E24A009883F2 /* Sources */,
				5CDEDC501BB8E24A009883F2 /* Frameworks */,
				5CDEDC511BB8E24A009883F2 /* Resources */,
			);
			buildRules = (
			);
			dependencies = (
			);
			name = ios9SpotlightDemo;
			productName = ios9SpotlightDemo;
			productReference = 5CDEDC531BB8E24A009883F2 /* ios9SpotlightDemo.app */;
			productType = "com.apple.product-type.application";
		};
		5CDEDC6B1BB8E24A009883F2 /* ios9SpotlightDemoTests */ = {
			isa = PBXNativeTarget;
			buildConfigurationList = 5CDEDC831BB8E24A009883F2 /* Build configuration list for PBXNativeTarget "ios9SpotlightDemoTests" */;
			buildPhases = (
				5CDEDC681BB8E24A009883F2 /* Sources */,
				5CDEDC691BB8E24A009883F2 /* Frameworks */,
				5CDEDC6A1BB8E24A009883F2 /* Resources */,
			);
			buildRules = (
			);
			dependencies = (
				5CDEDC6E1BB8E24A009883F2 /* PBXTargetDependency */,
			);
			name = ios9SpotlightDemoTests;
			productName = ios9SpotlightDemoTests;
			productReference = 5CDEDC6C1BB8E24A009883F2 /* ios9SpotlightDemoTests.xctest */;
			productType = "com.apple.product-type.bundle.unit-test";
		};
		5CDEDC761BB8E24A009883F2 /* ios9SpotlightDemoUITests */ = {
			isa = PBXNativeTarget;
			buildConfigurationList = 5CDEDC861BB8E24A009883F2 /* Build configuration list for PBXNativeTarget "ios9SpotlightDemoUITests" */;
			buildPhases = (
				5CDEDC731BB8E24A009883F2 /* Sources */,
				5CDEDC741BB8E24A009883F2 /* Frameworks */,
				5CDEDC751BB8E24A009883F2 /* Resources */,
			);
			buildRules = (
			);
			dependencies = (
				5CDEDC791BB8E24A009883F2 /* PBXTargetDependency */,
			);
			name = ios9SpotlightDemoUITests;
			productName = ios9SpotlightDemoUITests;
			productReference = 5CDEDC771BB8E24A009883F2 /* ios9SpotlightDemoUITests.xctest */;
			productType = "com.apple.product-type.bundle.ui-testing";
		};
/* End PBXNativeTarget section */

/* Begin PBXProject section */
		5CDEDC4B1BB8E24A009883F2 /* Project object */ = {
			isa = PBXProject;
			attributes = {
				LastUpgradeCheck = 0700;
				ORGANIZATIONNAME = Rocky;
				TargetAttributes = {
					5CDEDC521BB8E24A009883F2 = {
						CreatedOnToolsVersion = 7.0;
					};
					5CDEDC6B1BB8E24A009883F2 = {
						CreatedOnToolsVersion = 7.0;
						TestTargetID = 5CDEDC521BB8E24A009883F2;
					};
					5CDEDC761BB8E24A009883F2 = {
						CreatedOnToolsVersion = 7.0;
						TestTargetID = 5CDEDC521BB8E24A009883F2;
					};
				};
			};
			buildConfigurationList = 5CDEDC4E1BB8E24A009883F2 /* Build configuration list for PBXProject "ios9SpotlightDemo" */;
			compatibilityVersion = "Xcode 3.2";
			developmentRegion = English;
			hasScannedForEncodings = 0;
			knownRegions = (
				en,
				Base,
			);
			mainGroup = 5CDEDC4A1BB8E24A009883F2;
			productRefGroup = 5CDEDC541BB8E24A009883F2 /* Products */;
			projectDirPath = "";
			projectRoot = "";
			targets = (
				5CDEDC521BB8E24A009883F2 /* ios9SpotlightDemo */,
				5CDEDC6B1BB8E24A009883F2 /* ios9SpotlightDemoTests */,
				5CDEDC761BB8E24A009883F2 /* ios9SpotlightDemoUITests */,
			);
		};
/* End PBXProject section */

/* Begin PBXResourcesBuildPhase section */
		5CDEDC511BB8E24A009883F2 /* Resources */ = {
			isa = PBXResourcesBuildPhase;
			buildActionMask = 2147483647;
			files = (
				5CDEDC661BB8E24A009883F2 /* LaunchScreen.storyboard in Resources */,
				5CDEDC631BB8E24A009883F2 /* Assets.xcassets in Resources */,
				5CDEDC611BB8E24A009883F2 /* Main.storyboard in Resources */,
			);
			runOnlyForDeploymentPostprocessing = 0;
		};
		5CDEDC6A1BB8E24A009883F2 /* Resources */ = {
			isa = PBXResourcesBuildPhase;
			buildActionMask = 2147483647;
			files = (
			);
			runOnlyForDeploymentPostprocessing = 0;
		};
		5CDEDC751BB8E24A009883F2 /* Resources */ = {
			isa = PBXResourcesBuildPhase;
			buildActionMask = 2147483647;
			files = (
			);
			runOnlyForDeploymentPostprocessing = 0;
		};
/* End PBXResourcesBuildPhase section */

/* Begin PBXSourcesBuildPhase section */
		5CDEDC4F1BB8E24A009883F2 /* Sources */ = {
			isa = PBXSourcesBuildPhase;
			buildActionMask = 2147483647;
			files = (
				5CDEDC8E1BB8E40D009883F2 /* SecondViewController.m in Sources */,
				5CDEDC5E1BB8E24A009883F2 /* ViewController.m in Sources */,
				5CDEDC5B1BB8E24A009883F2 /* AppDelegate.m in Sources */,
				5CDEDC581BB8E24A009883F2 /* main.m in Sources */,
				5CDEDC8B1BB8E402009883F2 /* FirstViewController.m in Sources */,
			);
			runOnlyForDeploymentPostprocessing = 0;
		};
		5CDEDC681BB8E24A009883F2 /* Sources */ = {
			isa = PBXSourcesBuildPhase;
			buildActionMask = 2147483647;
			files = (
				5CDEDC711BB8E24A009883F2 /* ios9SpotlightDemoTests.m in Sources */,
			);
			runOnlyForDeploymentPostprocessing = 0;
		};
		5CDEDC731BB8E24A009883F2 /* Sources */ = {
			isa = PBXSourcesBuildPhase;
			buildActionMask = 2147483647;
			files = (
				5CDEDC7C1BB8E24A009883F2 /* ios9SpotlightDemoUITests.m in Sources */,
			);
			runOnlyForDeploymentPostprocessing = 0;
		};
/* End PBXSourcesBuildPhase section */

/* Begin PBXTargetDependency section */
		5CDEDC6E1BB8E24A009883F2 /* PBXTargetDependency */ = {
			isa = PBXTargetDependency;
			target = 5CDEDC521BB8E24A009883F2 /* ios9SpotlightDemo */;
			targetProxy = 5CDEDC6D1BB8E24A009883F2 /* PBXContainerItemProxy */;
		};
		5CDEDC791BB8E24A009883F2 /* PBXTargetDependency */ = {
			isa = PBXTargetDependency;
			target = 5CDEDC521BB8E24A009883F2 /* ios9SpotlightDemo */;
			targetProxy = 5CDEDC781BB8E24A009883F2 /* PBXContainerItemProxy */;
		};
/* End PBXTargetDependency section */

/* Begin PBXVariantGroup section */
		5CDEDC5F1BB8E24A009883F2 /* Main.storyboard */ = {
			isa = PBXVariantGroup;
			children = (
				5CDEDC601BB8E24A009883F2 /* Base */,
			);
			name = Main.storyboard;
			sourceTree = "<group>";
		};
		5CDEDC641BB8E24A009883F2 /* LaunchScreen.storyboard */ = {
			isa = PBXVariantGroup;
			children = (
				5CDEDC651BB8E24A009883F2 /* Base */,
			);
			name = LaunchScreen.storyboard;
			sourceTree = "<group>";
		};
/* End PBXVariantGroup section */

/* Begin XCBuildConfiguration section */
		5CDEDC7E1BB8E24A009883F2 /* Debug */ = {
			isa = XCBuildConfiguration;
			buildSettings = {
				ALWAYS_SEARCH_USER_PATHS = NO;
				CLANG_CXX_LANGUAGE_STANDARD = "gnu++0x";
				CLANG_CXX_LIBRARY = "libc++";
				CLANG_ENABLE_MODULES = YES;
				CLANG_ENABLE_OBJC_ARC = YES;
				CLANG_WARN_BOOL_CONVERSION = YES;
				CLANG_WARN_CONSTANT_CONVERSION = YES;
				CLANG_WARN_DIRECT_OBJC_ISA_USAGE = YES_ERROR;
				CLANG_WARN_EMPTY_BODY = YES;
				CLANG_WARN_ENUM_CONVERSION = YES;
				CLANG_WARN_INT_CONVERSION = YES;
				CLANG_WARN_OBJC_ROOT_CLASS = YES_ERROR;
				CLANG_WARN_UNREACHABLE_CODE = YES;
				CLANG_WARN__DUPLICATE_METHOD_MATCH = YES;
				"CODE_SIGN_IDENTITY[sdk=iphoneos*]" = "iPhone Developer";
				COPY_PHASE_STRIP = NO;
				DEBUG_INFORMATION_FORMAT = dwarf;
				ENABLE_STRICT_OBJC_MSGSEND = YES;
				ENABLE_TESTABILITY = YES;
				GCC_C_LANGUAGE_STANDARD = gnu99;
				GCC_DYNAMIC_NO_PIC = NO;
				GCC_NO_COMMON_BLOCKS = YES;
				GCC_OPTIMIZATION_LEVEL = 0;
				GCC_PREPROCESSOR_DEFINITIONS = (
					"DEBUG=1",
					"$(inherited)",
				);
				GCC_WARN_64_TO_32_BIT_CONVERSION = YES;
				GCC_WARN_ABOUT_RETURN_TYPE = YES_ERROR;
				GCC_WARN_UNDECLARED_SELECTOR = YES;
				GCC_WARN_UNINITIALIZED_AUTOS = YES_AGGRESSIVE;
				GCC_WARN_UNUSED_FUNCTION = YES;
				GCC_WARN_UNUSED_VARIABLE = YES;
				IPHONEOS_DEPLOYMENT_TARGET = 9.0;
				MTL_ENABLE_DEBUG_INFO = YES;
				ONLY_ACTIVE_ARCH = YES;
				SDKROOT = iphoneos;
			};
			name = Debug;
		};
		5CDEDC7F1BB8E24A009883F2 /* Release */ = {
			isa = XCBuildConfiguration;
			buildSettings = {
				ALWAYS_SEARCH_USER_PATHS = NO;
				CLANG_CXX_LANGUAGE_STANDARD = "gnu++0x";
				CLANG_CXX_LIBRARY = "libc++";
				CLANG_ENABLE_MODULES = YES;
				CLANG_ENABLE_OBJC_ARC = YES;
				CLANG_WARN_BOOL_CONVERSION = YES;
				CLANG_WARN_CONSTANT_CONVERSION = YES;
				CLANG_WARN_DIRECT_OBJC_ISA_USAGE = YES_ERROR;
				CLANG_WARN_EMPTY_BODY = YES;
				CLANG_WARN_ENUM_CONVERSION = YES;
				CLANG_WARN_INT_CONVERSION = YES;
				CLANG_WARN_OBJC_ROOT_CLASS = YES_ERROR;
				CLANG_WARN_UNREACHABLE_CODE = YES;
				CLANG_WARN__DUPLICATE_METHOD_MATCH = YES;
				"CODE_SIGN_IDENTITY[sdk=iphoneos*]" = "iPhone Developer";
				COPY_PHASE_STRIP = NO;
				DEBUG_INFORMATION_FORMAT = "dwarf-with-dsym";
				ENABLE_NS_ASSERTIONS = NO;
				ENABLE_STRICT_OBJC_MSGSEND = YES;
				GCC_C_LANGUAGE_STANDARD = gnu99;
				GCC_NO_COMMON_BLOCKS = YES;
				GCC_WARN_64_TO_32_BIT_CONVERSION = YES;
				GCC_WARN_ABOUT_RETURN_TYPE = YES_ERROR;
				GCC_WARN_UNDECLARED_SELECTOR = YES;
				GCC_WARN_UNINITIALIZED_AUTOS = YES_AGGRESSIVE;
				GCC_WARN_UNUSED_FUNCTION = YES;
				GCC_WARN_UNUSED_VARIABLE = YES;
				IPHONEOS_DEPLOYMENT_TARGET = 9.0;
				MTL_ENABLE_DEBUG_INFO = NO;
				SDKROOT = iphoneos;
				VALIDATE_PRODUCT = YES;
			};
			name = Release;
		};
		5CDEDC811BB8E24A009883F2 /* Debug */ = {
			isa = XCBuildConfiguration;
			buildSettings = {
				ASSETCATALOG_COMPILER_APPICON_NAME = AppIcon;
				INFOPLIST_FILE = ios9SpotlightDemo/Info.plist;
				LD_RUNPATH_SEARCH_PATHS = "$(inherited) @executable_path/Frameworks";
				PRODUCT_BUNDLE_IDENTIFIER = com.ra.ios9SpotlightDemo;
				PRODUCT_NAME = "$(TARGET_NAME)";
			};
			name = Debug;
		};
		5CDEDC821BB8E24A009883F2 /* Release */ = {
			isa = XCBuildConfiguration;
			buildSettings = {
				ASSETCATALOG_COMPILER_APPICON_NAME = AppIcon;
				INFOPLIST_FILE = ios9SpotlightDemo/Info.plist;
				LD_RUNPATH_SEARCH_PATHS = "$(inherited) @executable_path/Frameworks";
				PRODUCT_BUNDLE_IDENTIFIER = com.ra.ios9SpotlightDemo;
				PRODUCT_NAME = "$(TARGET_NAME)";
			};
			name = Release;
		};
		5CDEDC841BB8E24A009883F2 /* Debug */ = {
			isa = XCBuildConfiguration;
			buildSettings = {
				BUNDLE_LOADER = "$(TEST_HOST)";
				INFOPLIST_FILE = ios9SpotlightDemoTests/Info.plist;
				LD_RUNPATH_SEARCH_PATHS = "$(inherited) @executable_path/Frameworks @loader_path/Frameworks";
				PRODUCT_BUNDLE_IDENTIFIER = com.ra.ios9SpotlightDemoTests;
				PRODUCT_NAME = "$(TARGET_NAME)";
				TEST_HOST = "$(BUILT_PRODUCTS_DIR)/ios9SpotlightDemo.app/ios9SpotlightDemo";
			};
			name = Debug;
		};
		5CDEDC851BB8E24A009883F2 /* Release */ = {
			isa = XCBuildConfiguration;
			buildSettings = {
				BUNDLE_LOADER = "$(TEST_HOST)";
				INFOPLIST_FILE = ios9SpotlightDemoTests/Info.plist;
				LD_RUNPATH_SEARCH_PATHS = "$(inherited) @executable_path/Frameworks @loader_path/Frameworks";
				PRODUCT_BUNDLE_IDENTIFIER = com.ra.ios9SpotlightDemoTests;
				PRODUCT_NAME = "$(TARGET_NAME)";
				TEST_HOST = "$(BUILT_PRODUCTS_DIR)/ios9SpotlightDemo.app/ios9SpotlightDemo";
			};
			name = Release;
		};
		5CDEDC871BB8E24A009883F2 /* Debug */ = {
			isa = XCBuildConfiguration;
			buildSettings = {
				INFOPLIST_FILE = ios9SpotlightDemoUITests/Info.plist;
				LD_RUNPATH_SEARCH_PATHS = "$(inherited) @executable_path/Frameworks @loader_path/Frameworks";
				PRODUCT_BUNDLE_IDENTIFIER = com.ra.ios9SpotlightDemoUITests;
				PRODUCT_NAME = "$(TARGET_NAME)";
				TEST_TARGET_NAME = ios9SpotlightDemo;
				USES_XCTRUNNER = YES;
			};
			name = Debug;
		};
		5CDEDC881BB8E24A009883F2 /* Release */ = {
			isa = XCBuildConfiguration;
			buildSettings = {
				INFOPLIST_FILE = ios9SpotlightDemoUITests/Info.plist;
				LD_RUNPATH_SEARCH_PATHS = "$(inherited) @executable_path/Frameworks @loader_path/Frameworks";
				PRODUCT_BUNDLE_IDENTIFIER = com.ra.ios9SpotlightDemoUITests;
				PRODUCT_NAME = "$(TARGET_NAME)";
				TEST_TARGET_NAME = ios9SpotlightDemo;
				USES_XCTRUNNER = YES;
			};
			name = Release;
		};
/* End XCBuildConfiguration section */

/* Begin XCConfigurationList section */
		5CDEDC4E1BB8E24A009883F2 /* Build configuration list for PBXProject "ios9SpotlightDemo" */ = {
			isa = XCConfigurationList;
			buildConfigurations = (
				5CDEDC7E1BB8E24A009883F2 /* Debug */,
				5CDEDC7F1BB8E24A009883F2 /* Release */,
			);
			defaultConfigurationIsVisible = 0;
			defaultConfigurationName = Release;
		};
		5CDEDC801BB8E24A009883F2 /* Build configuration list for PBXNativeTarget "ios9SpotlightDemo" */ = {
			isa = XCConfigurationList;
			buildConfigurations = (
				5CDEDC811BB8E24A009883F2 /* Debug */,
				5CDEDC821BB8E24A009883F2 /* Release */,
			);
			defaultConfigurationIsVisible = 0;
		};
		5CDEDC831BB8E24A009883F2 /* Build configuration list for PBXNativeTarget "ios9SpotlightDemoTests" */ = {
			isa = XCConfigurationList;
			buildConfigurations = (
				5CDEDC841BB8E24A009883F2 /* Debug */,
				5CDEDC851BB8E24A009883F2 /* Release */,
			);
			defaultConfigurationIsVisible = 0;
		};
		5CDEDC861BB8E24A009883F2 /* Build configuration list for PBXNativeTarget "ios9SpotlightDemoUITests" */ = {
			isa = XCConfigurationList;
			buildConfigurations = (
				5CDEDC871BB8E24A009883F2 /* Debug */,
				5CDEDC881BB8E24A009883F2 /* Release */,
			);
			defaultConfigurationIsVisible = 0;
		};
/* End XCConfigurationList section */
	};
	rootObject = 5CDEDC4B1BB8E24A009883F2 /* Project object */;
}
